
Microsoft Visual Studio Solution File, Format Version 12.00
# Visual Studio Version 16
VisualStudioVersion = 16.0.34031.81
MinimumVisualStudioVersion = 10.0.40219.1
Project("{FAE04EC0-301F-11D3-BF4B-00C04F79EFBC}") = "Gracheva_Pabota_6", "Gracheva_Pabota_6\Gracheva_Pabota_6.csproj", "{3609B5ED-21C3-4056-8EA3-0FDFC99103B5}"
EndProject
Global
	GlobalSection(SolutionConfigurationPlatforms) = preSolution
		Debug|Any CPU = Debug|Any CPU
		Release|Any CPU = Release|Any CPU
	EndGlobalSection
	GlobalSection(ProjectConfigurationPlatforms) = postSolution
		{3609B5ED-21C3-4056-8EA3-0FDFC99103B5}.Debug|Any CPU.ActiveCfg = Debug|Any CPU
		{3609B5ED-21C3-4056-8EA3-0FDFC99103B5}.Debug|Any CPU.Build.0 = Debug|Any CPU
		{3609B5ED-21C3-4056-8EA3-0FDFC99103B5}.Release|Any CPU.ActiveCfg = Release|Any CPU
		{3609B5ED-21C3-4056-8EA3-0FDFC99103B5}.Release|Any CPU.Build.0 = Release|Any CPU
	EndGlobalSection
	GlobalSection(SolutionProperties) = preSolution
		HideSolutionNode = FALSE
	EndGlobalSection
	GlobalSection(ExtensibilityGlobals) = postSolution
		SolutionGuid = {E56132F4-7715-4E43-AE5E-0C06105BDE18}
	EndGlobalSection
EndGlobal
